
Microsoft Visual Studio Solution File, Format Version 12.00
# Visual Studio Version 17
VisualStudioVersion = 17.12.35707.178
MinimumVisualStudioVersion = 10.0.40219.1
Project("{FAE04EC0-301F-11D3-BF4B-00C04F79EFBC}") = "CRUDExample", "CRUDExample\CRUDExample.csproj", "{FC6C2A20-4DCD-4FC6-BBBF-CA715218DE06}"
EndProject
Project("{FAE04EC0-301F-11D3-BF4B-00C04F79EFBC}") = "CRUDTests", "CRUDTests\CRUDTests.csproj", "{75E364E7-BCF4-4C07-90F3-84BEB73F339E}"
EndProject
Project("{FAE04EC0-301F-11D3-BF4B-00C04F79EFBC}") = "Entities", "Entities\Entities.csproj", "{EF11CD6D-2817-4E08-8476-44854692BF28}"
EndProject
Project("{FAE04EC0-301F-11D3-BF4B-00C04F79EFBC}") = "ServiceContracts", "ServiceContracts\ServiceContracts.csproj", "{3E604F08-6D92-4A16-AD41-C9AE36D45FEA}"
EndProject
Project("{FAE04EC0-301F-11D3-BF4B-00C04F79EFBC}") = "Services", "Services\Services.csproj", "{252C3713-C673-48C9-A9AB-8FBD44F1ABC3}"
EndProject
Project("{FAE04EC0-301F-11D3-BF4B-00C04F79EFBC}") = "RepositoryContracts", "RepositoryContracts\RepositoryContracts.csproj", "{3F116EFE-F70F-40B8-913C-AE5B7FD4F03F}"
EndProject
Project("{FAE04EC0-301F-11D3-BF4B-00C04F79EFBC}") = "Repositories", "Repositories\Repositories.csproj", "{46F91CB3-B334-49C9-AC82-03962EA6985D}"
EndProject
Global
	GlobalSection(SolutionConfigurationPlatforms) = preSolution
		Debug|Any CPU = Debug|Any CPU
		Release|Any CPU = Release|Any CPU
	EndGlobalSection
	GlobalSection(ProjectConfigurationPlatforms) = postSolution
		{FC6C2A20-4DCD-4FC6-BBBF-CA715218DE06}.Debug|Any CPU.ActiveCfg = Debug|Any CPU
		{FC6C2A20-4DCD-4FC6-BBBF-CA715218DE06}.Debug|Any CPU.Build.0 = Debug|Any CPU
		{FC6C2A20-4DCD-4FC6-BBBF-CA715218DE06}.Release|Any CPU.ActiveCfg = Release|Any CPU
		{FC6C2A20-4DCD-4FC6-BBBF-CA715218DE06}.Release|Any CPU.Build.0 = Release|Any CPU
		{75E364E7-BCF4-4C07-90F3-84BEB73F339E}.Debug|Any CPU.ActiveCfg = Debug|Any CPU
		{75E364E7-BCF4-4C07-90F3-84BEB73F339E}.Debug|Any CPU.Build.0 = Debug|Any CPU
		{75E364E7-BCF4-4C07-90F3-84BEB73F339E}.Release|Any CPU.ActiveCfg = Release|Any CPU
		{75E364E7-BCF4-4C07-90F3-84BEB73F339E}.Release|Any CPU.Build.0 = Release|Any CPU
		{EF11CD6D-2817-4E08-8476-44854692BF28}.Debug|Any CPU.ActiveCfg = Debug|Any CPU
		{EF11CD6D-2817-4E08-8476-44854692BF28}.Debug|Any CPU.Build.0 = Debug|Any CPU
		{EF11CD6D-2817-4E08-8476-44854692BF28}.Release|Any CPU.ActiveCfg = Release|Any CPU
		{EF11CD6D-2817-4E08-8476-44854692BF28}.Release|Any CPU.Build.0 = Release|Any CPU
		{3E604F08-6D92-4A16-AD41-C9AE36D45FEA}.Debug|Any CPU.ActiveCfg = Debug|Any CPU
		{3E604F08-6D92-4A16-AD41-C9AE36D45FEA}.Debug|Any CPU.Build.0 = Debug|Any CPU
		{3E604F08-6D92-4A16-AD41-C9AE36D45FEA}.Release|Any CPU.ActiveCfg = Release|Any CPU
		{3E604F08-6D92-4A16-AD41-C9AE36D45FEA}.Release|Any CPU.Build.0 = Release|Any CPU
		{252C3713-C673-48C9-A9AB-8FBD44F1ABC3}.Debug|Any CPU.ActiveCfg = Debug|Any CPU
		{252C3713-C673-48C9-A9AB-8FBD44F1ABC3}.Debug|Any CPU.Build.0 = Debug|Any CPU
		{252C3713-C673-48C9-A9AB-8FBD44F1ABC3}.Release|Any CPU.ActiveCfg = Release|Any CPU
		{252C3713-C673-48C9-A9AB-8FBD44F1ABC3}.Release|Any CPU.Build.0 = Release|Any CPU
		{3F116EFE-F70F-40B8-913C-AE5B7FD4F03F}.Debug|Any CPU.ActiveCfg = Debug|Any CPU
		{3F116EFE-F70F-40B8-913C-AE5B7FD4F03F}.Debug|Any CPU.Build.0 = Debug|Any CPU
		{3F116EFE-F70F-40B8-913C-AE5B7FD4F03F}.Release|Any CPU.ActiveCfg = Release|Any CPU
		{3F116EFE-F70F-40B8-913C-AE5B7FD4F03F}.Release|Any CPU.Build.0 = Release|Any CPU
		{46F91CB3-B334-49C9-AC82-03962EA6985D}.Debug|Any CPU.ActiveCfg = Debug|Any CPU
		{46F91CB3-B334-49C9-AC82-03962EA6985D}.Debug|Any CPU.Build.0 = Debug|Any CPU
		{46F91CB3-B334-49C9-AC82-03962EA6985D}.Release|Any CPU.ActiveCfg = Release|Any CPU
		{46F91CB3-B334-49C9-AC82-03962EA6985D}.Release|Any CPU.Build.0 = Release|Any CPU
	EndGlobalSection
	GlobalSection(SolutionProperties) = preSolution
		HideSolutionNode = FALSE
	EndGlobalSection
	GlobalSection(ExtensibilityGlobals) = postSolution
		SolutionGuid = {25DA4372-6DB5-4D8E-B587-68EB62A86C69}
	EndGlobalSection
EndGlobal
